// !$*UTF8*$!
{
	archiveVersion = 1;
	classes = {
	};
	objectVersion = 46;
	objects = {

/* Begin PBXBuildFile section */
		EF3A3ECD1D37403B00919934 /* main.m in Sources */ = {isa = PBXBuildFile; fileRef = EF3A3ECC1D37403B00919934 /* main.m */; };
		EF3A3ED01D37403B00919934 /* AppDelegate.m in Sources */ = {isa = PBXBuildFile; fileRef = EF3A3ECF1D37403B00919934 /* AppDelegate.m */; };
		EF3A3ED31D37403B00919934 /* ViewController.m in Sources */ = {isa = PBXBuildFile; fileRef = EF3A3ED21D37403B00919934 /* ViewController.m */; };
		EF3A3ED61D37403B00919934 /* Main.storyboard in Resources */ = {isa = PBXBuildFile; fileRef = EF3A3ED41D37403B00919934 /* Main.storyboard */; };
		EF3A3ED81D37403C00919934 /* Assets.xcassets in Resources */ = {isa = PBXBuildFile; fileRef = EF3A3ED71D37403C00919934 /* Assets.xcassets */; };
		EF3A3EDB1D37403C00919934 /* LaunchScreen.storyboard in Resources */ = {isa = PBXBuildFile; fileRef = EF3A3ED91D37403C00919934 /* LaunchScreen.storyboard */; };
		EF3A3EE61D37403C00919934 /* ChatServerTests.m in Sources */ = {isa = PBXBuildFile; fileRef = EF3A3EE51D37403C00919934 /* ChatServerTests.m */; };
		EF3A3EF11D37403C00919934 /* ChatServerUITests.m in Sources */ = {isa = PBXBuildFile; fileRef = EF3A3EF01D37403C00919934 /* ChatServerUITests.m */; };
		EFEEE0461D53527700F7405B /* main.m in Sources */ = {isa = PBXBuildFile; fileRef = EFEEE0451D53527700F7405B /* main.m */; };
		EFF6D6ED1D50C90B00D224F1 /* TextViewController.m in Sources */ = {isa = PBXBuildFile; fileRef = EFF6D6EC1D50C90B00D224F1 /* TextViewController.m */; };
		EFF6D6F01D50C94700D224F1 /* background.wav in Resources */ = {isa = PBXBuildFile; fileRef = EFF6D6EF1D50C94700D224F1 /* background.wav */; };
/* End PBXBuildFile section */

/* Begin PBXContainerItemProxy section */
		EF3A3EE21D37403C00919934 /* PBXContainerItemProxy */ = {
			isa = PBXContainerItemProxy;
			containerPortal = EF3A3EC01D37403B00919934 /* Project object */;
			proxyType = 1;
			remoteGlobalIDString = EF3A3EC71D37403B00919934;
			remoteInfo = ChatServer;
		};
		EF3A3EED1D37403C00919934 /* PBXContainerItemProxy */ = {
			isa = PBXContainerItemProxy;
			containerPortal = EF3A3EC01D37403B00919934 /* Project object */;
			proxyType = 1;
			remoteGlobalIDString = EF3A3EC71D37403B00919934;
			remoteInfo = ChatServer;
		};
/* End PBXContainerItemProxy section */

/* Begin PBXCopyFilesBuildPhase section */
		EFEEE0411D53527700F7405B /* CopyFiles */ = {
			isa = PBXCopyFilesBuildPhase;
			buildActionMask = 2147483647;
			dstPath = /usr/share/man/man1/;
			dstSubfolderSpec = 0;
			files = (
			);
			runOnlyForDeploymentPostprocessing = 1;
		};
/* End PBXCopyFilesBuildPhase section */

/* Begin PBXFileReference section */
		EF3A3EC81D37403B00919934 /* ChatServer.app */ = {isa = PBXFileReference; explicitFileType = wrapper.application; includeInIndex = 0; path = ChatServer.app; sourceTree = BUILT_PRODUCTS_DIR; };
		EF3A3ECC1D37403B00919934 /* main.m */ = {isa = PBXFileReference; lastKnownFileType = sourcecode.c.objc; path = main.m; sourceTree = "<group>"; };
		EF3A3ECE1D37403B00919934 /* AppDelegate.h */ = {isa = PBXFileReference; lastKnownFileType = sourcecode.c.h; path = AppDelegate.h; sourceTree = "<group>"; };
		EF3A3ECF1D37403B00919934 /* AppDelegate.m */ = {isa = PBXFileReference; lastKnownFileType = sourcecode.c.objc; path = AppDelegate.m; sourceTree = "<group>"; };
		EF3A3ED11D37403B00919934 /* ViewController.h */ = {isa = PBXFileReference; lastKnownFileType = sourcecode.c.h; path = ViewController.h; sourceTree = "<group>"; };
		EF3A3ED21D37403B00919934 /* ViewController.m */ = {isa = PBXFileReference; lastKnownFileType = sourcecode.c.objc; path = ViewController.m; sourceTree = "<group>"; };
		EF3A3ED51D37403B00919934 /* Base */ = {isa = PBXFileReference; lastKnownFileType = file.storyboard; name = Base; path = Base.lproj/Main.storyboard; sourceTree = "<group>"; };
		EF3A3ED71D37403C00919934 /* Assets.xcassets */ = {isa = PBXFileReference; lastKnownFileType = folder.assetcatalog; path = Assets.xcassets; sourceTree = "<group>"; };
		EF3A3EDA1D37403C00919934 /* Base */ = {isa = PBXFileReference; lastKnownFileType = file.storyboard; name = Base; path = Base.lproj/LaunchScreen.storyboard; sourceTree = "<group>"; };
		EF3A3EDC1D37403C00919934 /* Info.plist */ = {isa = PBXFileReference; lastKnownFileType = text.plist.xml; path = Info.plist; sourceTree = "<group>"; };
		EF3A3EE11D37403C00919934 /* ChatServerTests.xctest */ = {isa = PBXFileReference; explicitFileType = wrapper.cfbundle; includeInIndex = 0; path = ChatServerTests.xctest; sourceTree = BUILT_PRODUCTS_DIR; };
		EF3A3EE51D37403C00919934 /* ChatServerTests.m */ = {isa = PBXFileReference; lastKnownFileType = sourcecode.c.objc; path = ChatServerTests.m; sourceTree = "<group>"; };
		EF3A3EE71D37403C00919934 /* Info.plist */ = {isa = PBXFileReference; lastKnownFileType = text.plist.xml; path = Info.plist; sourceTree = "<group>"; };
		EF3A3EEC1D37403C00919934 /* ChatServerUITests.xctest */ = {isa = PBXFileReference; explicitFileType = wrapper.cfbundle; includeInIndex = 0; path = ChatServerUITests.xctest; sourceTree = BUILT_PRODUCTS_DIR; };
		EF3A3EF01D37403C00919934 /* ChatServerUITests.m */ = {isa = PBXFileReference; lastKnownFileType = sourcecode.c.objc; path = ChatServerUITests.m; sourceTree = "<group>"; };
		EF3A3EF21D37403C00919934 /* Info.plist */ = {isa = PBXFileReference; lastKnownFileType = text.plist.xml; path = Info.plist; sourceTree = "<group>"; };
		EFEEE0431D53527700F7405B /* 11111 */ = {isa = PBXFileReference; explicitFileType = "compiled.mach-o.executable"; includeInIndex = 0; path = 11111; sourceTree = BUILT_PRODUCTS_DIR; };
		EFEEE0451D53527700F7405B /* main.m */ = {isa = PBXFileReference; lastKnownFileType = sourcecode.c.objc; path = main.m; sourceTree = "<group>"; };
		EFF6D6EB1D50C90B00D224F1 /* TextViewController.h */ = {isa = PBXFileReference; fileEncoding = 4; lastKnownFileType = sourcecode.c.h; path = TextViewController.h; sourceTree = "<group>"; };
		EFF6D6EC1D50C90B00D224F1 /* TextViewController.m */ = {isa = PBXFileReference; fileEncoding = 4; lastKnownFileType = sourcecode.c.objc; path = TextViewController.m; sourceTree = "<group>"; };
		EFF6D6EF1D50C94700D224F1 /* background.wav */ = {isa = PBXFileReference; lastKnownFileType = audio.wav; path = background.wav; sourceTree = "<group>"; };
/* End PBXFileReference section */

/* Begin PBXFrameworksBuildPhase section */
		EF3A3EC51D37403B00919934 /* Frameworks */ = {
			isa = PBXFrameworksBuildPhase;
			buildActionMask = 2147483647;
			files = (
			);
			runOnlyForDeploymentPostprocessing = 0;
		};
		EF3A3EDE1D37403C00919934 /* Frameworks */ = {
			isa = PBXFrameworksBuildPhase;
			buildActionMask = 2147483647;
			files = (
			);
			runOnlyForDeploymentPostprocessing = 0;
		};
		EF3A3EE91D37403C00919934 /* Frameworks */ = {
			isa = PBXFrameworksBuildPhase;
			buildActionMask = 2147483647;
			files = (
			);
			runOnlyForDeploymentPostprocessing = 0;
		};
		EFEEE0401D53527700F7405B /* Frameworks */ = {
			isa = PBXFrameworksBuildPhase;
			buildActionMask = 2147483647;
			files = (
			);
			runOnlyForDeploymentPostprocessing = 0;
		};
/* End PBXFrameworksBuildPhase section */

/* Begin PBXGroup section */
		EF3A3EBF1D37403B00919934 = {
			isa = PBXGroup;
			children = (
				EFF6D6EE1D50C94700D224F1 /* Resources */,
				EF3A3ECA1D37403B00919934 /* ChatServer */,
				EF3A3EE41D37403C00919934 /* ChatServerTests */,
				EF3A3EEF1D37403C00919934 /* ChatServerUITests */,
				EFEEE0441D53527700F7405B /* 11111 */,
				EF3A3EC91D37403B00919934 /* Products */,
			);
			sourceTree = "<group>";
		};
		EF3A3EC91D37403B00919934 /* Products */ = {
			isa = PBXGroup;
			children = (
				EF3A3EC81D37403B00919934 /* ChatServer.app */,
				EF3A3EE11D37403C00919934 /* ChatServerTests.xctest */,
				EF3A3EEC1D37403C00919934 /* ChatServerUITests.xctest */,
				EFEEE0431D53527700F7405B /* 11111 */,
			);
			name = Products;
			sourceTree = "<group>";
		};
		EF3A3ECA1D37403B00919934 /* ChatServer */ = {
			isa = PBXGroup;
			children = (
				EF3A3ECE1D37403B00919934 /* AppDelegate.h */,
				EF3A3ECF1D37403B00919934 /* AppDelegate.m */,
				EF3A3ED11D37403B00919934 /* ViewController.h */,
				EFF6D6EB1D50C90B00D224F1 /* TextViewController.h */,
				EFF6D6EC1D50C90B00D224F1 /* TextViewController.m */,
				EF3A3ED21D37403B00919934 /* ViewController.m */,
				EF3A3ED41D37403B00919934 /* Main.storyboard */,
				EF3A3ED71D37403C00919934 /* Assets.xcassets */,
				EF3A3ED91D37403C00919934 /* LaunchScreen.storyboard */,
				EF3A3EDC1D37403C00919934 /* Info.plist */,
				EF3A3ECB1D37403B00919934 /* Supporting Files */,
			);
			path = ChatServer;
			sourceTree = "<group>";
		};
		EF3A3ECB1D37403B00919934 /* Supporting Files */ = {
			isa = PBXGroup;
			children = (
				EF3A3ECC1D37403B00919934 /* main.m */,
			);
			name = "Supporting Files";
			sourceTree = "<group>";
		};
		EF3A3EE41D37403C00919934 /* ChatServerTests */ = {
			isa = PBXGroup;
			children = (
				EF3A3EE51D37403C00919934 /* ChatServerTests.m */,
				EF3A3EE71D37403C00919934 /* Info.plist */,
			);
			path = ChatServerTests;
			sourceTree = "<group>";
		};
		EF3A3EEF1D37403C00919934 /* ChatServerUITests */ = {
			isa = PBXGroup;
			children = (
				EF3A3EF01D37403C00919934 /* ChatServerUITests.m */,
				EF3A3EF21D37403C00919934 /* Info.plist */,
			);
			path = ChatServerUITests;
			sourceTree = "<group>";
		};
		EFEEE0441D53527700F7405B /* 11111 */ = {
			isa = PBXGroup;
			children = (
				EFEEE0451D53527700F7405B /* main.m */,
			);
			path = 11111;
			sourceTree = "<group>";
		};
		EFF6D6EE1D50C94700D224F1 /* Resources */ = {
			isa = PBXGroup;
			children = (
				EFF6D6EF1D50C94700D224F1 /* background.wav */,
			);
			path = Resources;
			sourceTree = "<group>";
		};
/* End PBXGroup section */

/* Begin PBXNativeTarget section */
		EF3A3EC71D37403B00919934 /* ChatServer */ = {
			isa = PBXNativeTarget;
			buildConfigurationList = EF3A3EF51D37403C00919934 /* Build configuration list for PBXNativeTarget "ChatServer" */;
			buildPhases = (
				EF3A3EC41D37403B00919934 /* Sources */,
				EF3A3EC51D37403B00919934 /* Frameworks */,
				EF3A3EC61D37403B00919934 /* Resources */,
			);
			buildRules = (
			);
			dependencies = (
			);
			name = ChatServer;
			productName = ChatServer;
			productReference = EF3A3EC81D37403B00919934 /* ChatServer.app */;
			productType = "com.apple.product-type.application";
		};
		EF3A3EE01D37403C00919934 /* ChatServerTests */ = {
			isa = PBXNativeTarget;
			buildConfigurationList = EF3A3EF81D37403C00919934 /* Build configuration list for PBXNativeTarget "ChatServerTests" */;
			buildPhases = (
				EF3A3EDD1D37403C00919934 /* Sources */,
				EF3A3EDE1D37403C00919934 /* Frameworks */,
				EF3A3EDF1D37403C00919934 /* Resources */,
			);
			buildRules = (
			);
			dependencies = (
				EF3A3EE31D37403C00919934 /* PBXTargetDependency */,
			);
			name = ChatServerTests;
			productName = ChatServerTests;
			productReference = EF3A3EE11D37403C00919934 /* ChatServerTests.xctest */;
			productType = "com.apple.product-type.bundle.unit-test";
		};
		EF3A3EEB1D37403C00919934 /* ChatServerUITests */ = {
			isa = PBXNativeTarget;
			buildConfigurationList = EF3A3EFB1D37403C00919934 /* Build configuration list for PBXNativeTarget "ChatServerUITests" */;
			buildPhases = (
				EF3A3EE81D37403C00919934 /* Sources */,
				EF3A3EE91D37403C00919934 /* Frameworks */,
				EF3A3EEA1D37403C00919934 /* Resources */,
			);
			buildRules = (
			);
			dependencies = (
				EF3A3EEE1D37403C00919934 /* PBXTargetDependency */,
			);
			name = ChatServerUITests;
			productName = ChatServerUITests;
			productReference = EF3A3EEC1D37403C00919934 /* ChatServerUITests.xctest */;
			productType = "com.apple.product-type.bundle.ui-testing";
		};
		EFEEE0421D53527700F7405B /* 11111 */ = {
			isa = PBXNativeTarget;
			buildConfigurationList = EFEEE0491D53527700F7405B /* Build configuration list for PBXNativeTarget "11111" */;
			buildPhases = (
				EFEEE03F1D53527700F7405B /* Sources */,
				EFEEE0401D53527700F7405B /* Frameworks */,
				EFEEE0411D53527700F7405B /* CopyFiles */,
			);
			buildRules = (
			);
			dependencies = (
			);
			name = 11111;
			productName = 11111;
			productReference = EFEEE0431D53527700F7405B /* 11111 */;
			productType = "com.apple.product-type.tool";
		};
/* End PBXNativeTarget section */

/* Begin PBXProject section */
		EF3A3EC01D37403B00919934 /* Project object */ = {
			isa = PBXProject;
			attributes = {
				LastUpgradeCheck = 0730;
				ORGANIZATIONNAME = "炎檬";
				TargetAttributes = {
					EF3A3EC71D37403B00919934 = {
						CreatedOnToolsVersion = 7.3.1;
						DevelopmentTeam = 7F84KTN5ZK;
					};
					EF3A3EE01D37403C00919934 = {
						CreatedOnToolsVersion = 7.3.1;
						TestTargetID = EF3A3EC71D37403B00919934;
					};
					EF3A3EEB1D37403C00919934 = {
						CreatedOnToolsVersion = 7.3.1;
						TestTargetID = EF3A3EC71D37403B00919934;
					};
					EFEEE0421D53527700F7405B = {
						CreatedOnToolsVersion = 7.3.1;
					};
				};
			};
			buildConfigurationList = EF3A3EC31D37403B00919934 /* Build configuration list for PBXProject "ChatServer" */;
			compatibilityVersion = "Xcode 3.2";
			developmentRegion = English;
			hasScannedForEncodings = 0;
			knownRegions = (
				en,
				Base,
			);
			mainGroup = EF3A3EBF1D37403B00919934;
			productRefGroup = EF3A3EC91D37403B00919934 /* Products */;
			projectDirPath = "";
			projectRoot = "";
			targets = (
				EF3A3EC71D37403B00919934 /* ChatServer */,
				EF3A3EE01D37403C00919934 /* ChatServerTests */,
				EF3A3EEB1D37403C00919934 /* ChatServerUITests */,
				EFEEE0421D53527700F7405B /* 11111 */,
			);
		};
/* End PBXProject section */

/* Begin PBXResourcesBuildPhase section */
		EF3A3EC61D37403B00919934 /* Resources */ = {
			isa = PBXResourcesBuildPhase;
			buildActionMask = 2147483647;
			files = (
				EF3A3EDB1D37403C00919934 /* LaunchScreen.storyboard in Resources */,
				EF3A3ED81D37403C00919934 /* Assets.xcassets in Resources */,
				EFF6D6F01D50C94700D224F1 /* background.wav in Resources */,
				EF3A3ED61D37403B00919934 /* Main.storyboard in Resources */,
			);
			runOnlyForDeploymentPostprocessing = 0;
		};
		EF3A3EDF1D37403C00919934 /* Resources */ = {
			isa = PBXResourcesBuildPhase;
			buildActionMask = 2147483647;
			files = (
			);
			runOnlyForDeploymentPostprocessing = 0;
		};
		EF3A3EEA1D37403C00919934 /* Resources */ = {
			isa = PBXResourcesBuildPhase;
			buildActionMask = 2147483647;
			files = (
			);
			runOnlyForDeploymentPostprocessing = 0;
		};
/* End PBXResourcesBuildPhase section */

/* Begin PBXSourcesBuildPhase section */
		EF3A3EC41D37403B00919934 /* Sources */ = {
			isa = PBXSourcesBuildPhase;
			buildActionMask = 2147483647;
			files = (
				EF3A3ED31D37403B00919934 /* ViewController.m in Sources */,
				EF3A3ED01D37403B00919934 /* AppDelegate.m in Sources */,
				EF3A3ECD1D37403B00919934 /* main.m in Sources */,
				EFF6D6ED1D50C90B00D224F1 /* TextViewController.m in Sources */,
			);
			runOnlyForDeploymentPostprocessing = 0;
		};
		EF3A3EDD1D37403C00919934 /* Sources */ = {
			isa = PBXSourcesBuildPhase;
			buildActionMask = 2147483647;
			files = (
				EF3A3EE61D37403C00919934 /* ChatServerTests.m in Sources */,
			);
			runOnlyForDeploymentPostprocessing = 0;
		};
		EF3A3EE81D37403C00919934 /* Sources */ = {
			isa = PBXSourcesBuildPhase;
			buildActionMask = 2147483647;
			files = (
				EF3A3EF11D37403C00919934 /* ChatServerUITests.m in Sources */,
			);
			runOnlyForDeploymentPostprocessing = 0;
		};
		EFEEE03F1D53527700F7405B /* Sources */ = {
			isa = PBXSourcesBuildPhase;
			buildActionMask = 2147483647;
			files = (
				EFEEE0461D53527700F7405B /* main.m in Sources */,
			);
			runOnlyForDeploymentPostprocessing = 0;
		};
/* End PBXSourcesBuildPhase section */

/* Begin PBXTargetDependency section */
		EF3A3EE31D37403C00919934 /* PBXTargetDependency */ = {
			isa = PBXTargetDependency;
			target = EF3A3EC71D37403B00919934 /* ChatServer */;
			targetProxy = EF3A3EE21D37403C00919934 /* PBXContainerItemProxy */;
		};
		EF3A3EEE1D37403C00919934 /* PBXTargetDependency */ = {
			isa = PBXTargetDependency;
			target = EF3A3EC71D37403B00919934 /* ChatServer */;
			targetProxy = EF3A3EED1D37403C00919934 /* PBXContainerItemProxy */;
		};
/* End PBXTargetDependency section */

/* Begin PBXVariantGroup section */
		EF3A3ED41D37403B00919934 /* Main.storyboard */ = {
			isa = PBXVariantGroup;
			children = (
				EF3A3ED51D37403B00919934 /* Base */,
			);
			name = Main.storyboard;
			sourceTree = "<group>";
		};
		EF3A3ED91D37403C00919934 /* LaunchScreen.storyboard */ = {
			isa = PBXVariantGroup;
			children = (
				EF3A3EDA1D37403C00919934 /* Base */,
			);
			name = LaunchScreen.storyboard;
			sourceTree = "<group>";
		};
/* End PBXVariantGroup section */

/* Begin XCBuildConfiguration section */
		EF3A3EF31D37403C00919934 /* Debug */ = {
			isa = XCBuildConfiguration;
			buildSettings = {
				ALWAYS_SEARCH_USER_PATHS = NO;
				CLANG_ANALYZER_NONNULL = YES;
				CLANG_CXX_LANGUAGE_STANDARD = "gnu++0x";
				CLANG_CXX_LIBRARY = "libc++";
				CLANG_ENABLE_MODULES = YES;
				CLANG_ENABLE_OBJC_ARC = YES;
				CLANG_WARN_BOOL_CONVERSION = YES;
				CLANG_WARN_CONSTANT_CONVERSION = YES;
				CLANG_WARN_DIRECT_OBJC_ISA_USAGE = YES_ERROR;
				CLANG_WARN_EMPTY_BODY = YES;
				CLANG_WARN_ENUM_CONVERSION = YES;
				CLANG_WARN_INT_CONVERSION = YES;
				CLANG_WARN_OBJC_ROOT_CLASS = YES_ERROR;
				CLANG_WARN_UNREACHABLE_CODE = YES;
				CLANG_WARN__DUPLICATE_METHOD_MATCH = YES;
				"CODE_SIGN_IDENTITY[sdk=iphoneos*]" = "iPhone Developer";
				COPY_PHASE_STRIP = NO;
				DEBUG_INFORMATION_FORMAT = dwarf;
				ENABLE_STRICT_OBJC_MSGSEND = YES;
				ENABLE_TESTABILITY = YES;
				GCC_C_LANGUAGE_STANDARD = gnu99;
				GCC_DYNAMIC_NO_PIC = NO;
				GCC_NO_COMMON_BLOCKS = YES;
				GCC_OPTIMIZATION_LEVEL = 0;
				GCC_PREPROCESSOR_DEFINITIONS = (
					"DEBUG=1",
					"$(inherited)",
				);
				GCC_WARN_64_TO_32_BIT_CONVERSION = YES;
				GCC_WARN_ABOUT_RETURN_TYPE = YES_ERROR;
				GCC_WARN_UNDECLARED_SELECTOR = YES;
				GCC_WARN_UNINITIALIZED_AUTOS = YES_AGGRESSIVE;
				GCC_WARN_UNUSED_FUNCTION = YES;
				GCC_WARN_UNUSED_VARIABLE = YES;
				IPHONEOS_DEPLOYMENT_TARGET = 9.3;
				MTL_ENABLE_DEBUG_INFO = YES;
				ONLY_ACTIVE_ARCH = YES;
				SDKROOT = iphoneos;
				TARGETED_DEVICE_FAMILY = "1,2";
			};
			name = Debug;
		};
		EF3A3EF41D37403C00919934 /* Release */ = {
			isa = XCBuildConfiguration;
			buildSettings = {
				ALWAYS_SEARCH_USER_PATHS = NO;
				CLANG_ANALYZER_NONNULL = YES;
				CLANG_CXX_LANGUAGE_STANDARD = "gnu++0x";
				CLANG_CXX_LIBRARY = "libc++";
				CLANG_ENABLE_MODULES = YES;
				CLANG_ENABLE_OBJC_ARC = YES;
				CLANG_WARN_BOOL_CONVERSION = YES;
				CLANG_WARN_CONSTANT_CONVERSION = YES;
				CLANG_WARN_DIRECT_OBJC_ISA_USAGE = YES_ERROR;
				CLANG_WARN_EMPTY_BODY = YES;
				CLANG_WARN_ENUM_CONVERSION = YES;
				CLANG_WARN_INT_CONVERSION = YES;
				CLANG_WARN_OBJC_ROOT_CLASS = YES_ERROR;
				CLANG_WARN_UNREACHABLE_CODE = YES;
				CLANG_WARN__DUPLICATE_METHOD_MATCH = YES;
				"CODE_SIGN_IDENTITY[sdk=iphoneos*]" = "iPhone Developer";
				COPY_PHASE_STRIP = NO;
				DEBUG_INFORMATION_FORMAT = "dwarf-with-dsym";
				ENABLE_NS_ASSERTIONS = NO;
				ENABLE_STRICT_OBJC_MSGSEND = YES;
				GCC_C_LANGUAGE_STANDARD = gnu99;
				GCC_NO_COMMON_BLOCKS = YES;
				GCC_WARN_64_TO_32_BIT_CONVERSION = YES;
				GCC_WARN_ABOUT_RETURN_TYPE = YES_ERROR;
				GCC_WARN_UNDECLARED_SELECTOR = YES;
				GCC_WARN_UNINITIALIZED_AUTOS = YES_AGGRESSIVE;
				GCC_WARN_UNUSED_FUNCTION = YES;
				GCC_WARN_UNUSED_VARIABLE = YES;
				IPHONEOS_DEPLOYMENT_TARGET = 9.3;
				MTL_ENABLE_DEBUG_INFO = NO;
				SDKROOT = iphoneos;
				TARGETED_DEVICE_FAMILY = "1,2";
				VALIDATE_PRODUCT = YES;
			};
			name = Release;
		};
		EF3A3EF61D37403C00919934 /* Debug */ = {
			isa = XCBuildConfiguration;
			buildSettings = {
				ASSETCATALOG_COMPILER_APPICON_NAME = AppIcon;
				CODE_SIGN_IDENTITY = "iPhone Developer";
				"CODE_SIGN_IDENTITY[sdk=iphoneos*]" = "iPhone Developer";
				INFOPLIST_FILE = ChatServer/Info.plist;
				LD_RUNPATH_SEARCH_PATHS = "$(inherited) @executable_path/Frameworks";
				PRODUCT_BUNDLE_IDENTIFIER = com.juangua.ChatServer;
				PRODUCT_NAME = "$(TARGET_NAME)";
				PROVISIONING_PROFILE = "";
			};
			name = Debug;
		};
		EF3A3EF71D37403C00919934 /* Release */ = {
			isa = XCBuildConfiguration;
			buildSettings = {
				ASSETCATALOG_COMPILER_APPICON_NAME = AppIcon;
				CODE_SIGN_IDENTITY = "iPhone Developer";
				"CODE_SIGN_IDENTITY[sdk=iphoneos*]" = "iPhone Developer";
				INFOPLIST_FILE = ChatServer/Info.plist;
				LD_RUNPATH_SEARCH_PATHS = "$(inherited) @executable_path/Frameworks";
				PRODUCT_BUNDLE_IDENTIFIER = com.juangua.ChatServer;
				PRODUCT_NAME = "$(TARGET_NAME)";
				PROVISIONING_PROFILE = "";
			};
			name = Release;
		};
		EF3A3EF91D37403C00919934 /* Debug */ = {
			isa = XCBuildConfiguration;
			buildSettings = {
				BUNDLE_LOADER = "$(TEST_HOST)";
				INFOPLIST_FILE = ChatServerTests/Info.plist;
				LD_RUNPATH_SEARCH_PATHS = "$(inherited) @executable_path/Frameworks @loader_path/Frameworks";
				PRODUCT_BUNDLE_IDENTIFIER = com.juangua.ChatServerTests;
				PRODUCT_NAME = "$(TARGET_NAME)";
				TEST_HOST = "$(BUILT_PRODUCTS_DIR)/ChatServer.app/ChatServer";
			};
			name = Debug;
		};
		EF3A3EFA1D37403C00919934 /* Release */ = {
			isa = XCBuildConfiguration;
			buildSettings = {
				BUNDLE_LOADER = "$(TEST_HOST)";
				INFOPLIST_FILE = ChatServerTests/Info.plist;
				LD_RUNPATH_SEARCH_PATHS = "$(inherited) @executable_path/Frameworks @loader_path/Frameworks";
				PRODUCT_BUNDLE_IDENTIFIER = com.juangua.ChatServerTests;
				PRODUCT_NAME = "$(TARGET_NAME)";
				TEST_HOST = "$(BUILT_PRODUCTS_DIR)/ChatServer.app/ChatServer";
			};
			name = Release;
		};
		EF3A3EFC1D37403C00919934 /* Debug */ = {
			isa = XCBuildConfiguration;
			buildSettings = {
				INFOPLIST_FILE = ChatServerUITests/Info.plist;
				LD_RUNPATH_SEARCH_PATHS = "$(inherited) @executable_path/Frameworks @loader_path/Frameworks";
				PRODUCT_BUNDLE_IDENTIFIER = com.juangua.ChatServerUITests;
				PRODUCT_NAME = "$(TARGET_NAME)";
				TEST_TARGET_NAME = ChatServer;
			};
			name = Debug;
		};
		EF3A3EFD1D37403C00919934 /* Release */ = {
			isa = XCBuildConfiguration;
			buildSettings = {
				INFOPLIST_FILE = ChatServerUITests/Info.plist;
				LD_RUNPATH_SEARCH_PATHS = "$(inherited) @executable_path/Frameworks @loader_path/Frameworks";
				PRODUCT_BUNDLE_IDENTIFIER = com.juangua.ChatServerUITests;
				PRODUCT_NAME = "$(TARGET_NAME)";
				TEST_TARGET_NAME = ChatServer;
			};
			name = Release;
		};
		EFEEE0471D53527700F7405B /* Debug */ = {
			isa = XCBuildConfiguration;
			buildSettings = {
				CODE_SIGN_IDENTITY = "-";
				MACOSX_DEPLOYMENT_TARGET = 10.11;
				PRODUCT_NAME = "$(TARGET_NAME)";
				SDKROOT = macosx;
			};
			name = Debug;
		};
		EFEEE0481D53527700F7405B /* Release */ = {
			isa = XCBuildConfiguration;
			buildSettings = {
				CODE_SIGN_IDENTITY = "-";
				MACOSX_DEPLOYMENT_TARGET = 10.11;
				PRODUCT_NAME = "$(TARGET_NAME)";
				SDKROOT = macosx;
			};
			name = Release;
		};
/* End XCBuildConfiguration section */

/* Begin XCConfigurationList section */
		EF3A3EC31D37403B00919934 /* Build configuration list for PBXProject "ChatServer" */ = {
			isa = XCConfigurationList;
			buildConfigurations = (
				EF3A3EF31D37403C00919934 /* Debug */,
				EF3A3EF41D37403C00919934 /* Release */,
			);
			defaultConfigurationIsVisible = 0;
			defaultConfigurationName = Release;
		};
		EF3A3EF51D37403C00919934 /* Build configuration list for PBXNativeTarget "ChatServer" */ = {
			isa = XCConfigurationList;
			buildConfigurations = (
				EF3A3EF61D37403C00919934 /* Debug */,
				EF3A3EF71D37403C00919934 /* Release */,
			);
			defaultConfigurationIsVisible = 0;
			defaultConfigurationName = Release;
		};
		EF3A3EF81D37403C00919934 /* Build configuration list for PBXNativeTarget "ChatServerTests" */ = {
			isa = XCConfigurationList;
			buildConfigurations = (
				EF3A3EF91D37403C00919934 /* Debug */,
				EF3A3EFA1D37403C00919934 /* Release */,
			);
			defaultConfigurationIsVisible = 0;
			defaultConfigurationName = Release;
		};
		EF3A3EFB1D37403C00919934 /* Build configuration list for PBXNativeTarget "ChatServerUITests" */ = {
			isa = XCConfigurationList;
			buildConfigurations = (
				EF3A3EFC1D37403C00919934 /* Debug */,
				EF3A3EFD1D37403C00919934 /* Release */,
			);
			defaultConfigurationIsVisible = 0;
			defaultConfigurationName = Release;
		};
		EFEEE0491D53527700F7405B /* Build configuration list for PBXNativeTarget "11111" */ = {
			isa = XCConfigurationList;
			buildConfigurations = (
				EFEEE0471D53527700F7405B /* Debug */,
				EFEEE0481D53527700F7405B /* Release */,
			);
			defaultConfigurationIsVisible = 0;
		};
/* End XCConfigurationList section */
	};
	rootObject = EF3A3EC01D37403B00919934 /* Project object */;
}
