// !$*UTF8*$!
{
	archiveVersion = 1;
	classes = {
	};
	objectVersion = 46;
	objects = {

/* Begin PBXBuildFile section */
		04EFC9B244BAF92C64FB742F /* libPods-YMChat.a in Frameworks */ = {isa = PBXBuildFile; fileRef = A7F06992732C192F4A9977D8 /* libPods-YMChat.a */; };
		EF0F5A481D64B0570085CA53 /* ChatFriendModel.m in Sources */ = {isa = PBXBuildFile; fileRef = EF0F5A471D64B0570085CA53 /* ChatFriendModel.m */; };
		EF287D2E1D6343A90005C78A /* main.m in Sources */ = {isa = PBXBuildFile; fileRef = EF287D2D1D6343A90005C78A /* main.m */; };
		EF287D311D6343A90005C78A /* AppDelegate.m in Sources */ = {isa = PBXBuildFile; fileRef = EF287D301D6343A90005C78A /* AppDelegate.m */; };
		EF287D341D6343A90005C78A /* ViewController.m in Sources */ = {isa = PBXBuildFile; fileRef = EF287D331D6343A90005C78A /* ViewController.m */; };
		EF287D371D6343A90005C78A /* Main.storyboard in Resources */ = {isa = PBXBuildFile; fileRef = EF287D351D6343A90005C78A /* Main.storyboard */; };
		EF287D391D6343A90005C78A /* Assets.xcassets in Resources */ = {isa = PBXBuildFile; fileRef = EF287D381D6343A90005C78A /* Assets.xcassets */; };
		EF287D3C1D6343A90005C78A /* LaunchScreen.storyboard in Resources */ = {isa = PBXBuildFile; fileRef = EF287D3A1D6343A90005C78A /* LaunchScreen.storyboard */; };
		EF287D471D6343A90005C78A /* YMChatTests.m in Sources */ = {isa = PBXBuildFile; fileRef = EF287D461D6343A90005C78A /* YMChatTests.m */; };
		EF287D521D6343A90005C78A /* YMChatUITests.m in Sources */ = {isa = PBXBuildFile; fileRef = EF287D511D6343A90005C78A /* YMChatUITests.m */; };
		EF287D641D6356180005C78A /* YMSocket.m in Sources */ = {isa = PBXBuildFile; fileRef = EF287D631D6356180005C78A /* YMSocket.m */; };
		EF358A1B1D68174400F39681 /* YMChatTableViewCell.m in Sources */ = {isa = PBXBuildFile; fileRef = EF358A191D68174400F39681 /* YMChatTableViewCell.m */; };
		EF358A1C1D68174400F39681 /* YMChatTableViewCell.xib in Resources */ = {isa = PBXBuildFile; fileRef = EF358A1A1D68174400F39681 /* YMChatTableViewCell.xib */; };
		EF358A1F1D68252200F39681 /* UserCellModel.m in Sources */ = {isa = PBXBuildFile; fileRef = EF358A1E1D68252200F39681 /* UserCellModel.m */; };
		EF39AB341D6A8FBC009AED29 /* ChatRoomViewController.m in Sources */ = {isa = PBXBuildFile; fileRef = EF39AB331D6A8FBC009AED29 /* ChatRoomViewController.m */; };
/* End PBXBuildFile section */

/* Begin PBXContainerItemProxy section */
		EF287D431D6343A90005C78A /* PBXContainerItemProxy */ = {
			isa = PBXContainerItemProxy;
			containerPortal = EF287D211D6343A90005C78A /* Project object */;
			proxyType = 1;
			remoteGlobalIDString = EF287D281D6343A90005C78A;
			remoteInfo = YMChat;
		};
		EF287D4E1D6343A90005C78A /* PBXContainerItemProxy */ = {
			isa = PBXContainerItemProxy;
			containerPortal = EF287D211D6343A90005C78A /* Project object */;
			proxyType = 1;
			remoteGlobalIDString = EF287D281D6343A90005C78A;
			remoteInfo = YMChat;
		};
/* End PBXContainerItemProxy section */

/* Begin PBXFileReference section */
		0A2B7DE7917CECC8F2E11DE9 /* Pods-YMChat.debug.xcconfig */ = {isa = PBXFileReference; includeInIndex = 1; lastKnownFileType = text.xcconfig; name = "Pods-YMChat.debug.xcconfig"; path = "Pods/Target Support Files/Pods-YMChat/Pods-YMChat.debug.xcconfig"; sourceTree = "<group>"; };
		A7F06992732C192F4A9977D8 /* libPods-YMChat.a */ = {isa = PBXFileReference; explicitFileType = archive.ar; includeInIndex = 0; path = "libPods-YMChat.a"; sourceTree = BUILT_PRODUCTS_DIR; };
		D9859760978B090735880485 /* Pods-YMChat.release.xcconfig */ = {isa = PBXFileReference; includeInIndex = 1; lastKnownFileType = text.xcconfig; name = "Pods-YMChat.release.xcconfig"; path = "Pods/Target Support Files/Pods-YMChat/Pods-YMChat.release.xcconfig"; sourceTree = "<group>"; };
		EF0F5A461D64B0570085CA53 /* ChatFriendModel.h */ = {isa = PBXFileReference; fileEncoding = 4; lastKnownFileType = sourcecode.c.h; path = ChatFriendModel.h; sourceTree = "<group>"; };
		EF0F5A471D64B0570085CA53 /* ChatFriendModel.m */ = {isa = PBXFileReference; fileEncoding = 4; lastKnownFileType = sourcecode.c.objc; path = ChatFriendModel.m; sourceTree = "<group>"; };
		EF287D291D6343A90005C78A /* YMChat.app */ = {isa = PBXFileReference; explicitFileType = wrapper.application; includeInIndex = 0; path = YMChat.app; sourceTree = BUILT_PRODUCTS_DIR; };
		EF287D2D1D6343A90005C78A /* main.m */ = {isa = PBXFileReference; lastKnownFileType = sourcecode.c.objc; path = main.m; sourceTree = "<group>"; };
		EF287D2F1D6343A90005C78A /* AppDelegate.h */ = {isa = PBXFileReference; lastKnownFileType = sourcecode.c.h; path = AppDelegate.h; sourceTree = "<group>"; };
		EF287D301D6343A90005C78A /* AppDelegate.m */ = {isa = PBXFileReference; lastKnownFileType = sourcecode.c.objc; path = AppDelegate.m; sourceTree = "<group>"; };
		EF287D321D6343A90005C78A /* ViewController.h */ = {isa = PBXFileReference; lastKnownFileType = sourcecode.c.h; path = ViewController.h; sourceTree = "<group>"; };
		EF287D331D6343A90005C78A /* ViewController.m */ = {isa = PBXFileReference; lastKnownFileType = sourcecode.c.objc; path = ViewController.m; sourceTree = "<group>"; };
		EF287D361D6343A90005C78A /* Base */ = {isa = PBXFileReference; lastKnownFileType = file.storyboard; name = Base; path = Base.lproj/Main.storyboard; sourceTree = "<group>"; };
		EF287D381D6343A90005C78A /* Assets.xcassets */ = {isa = PBXFileReference; lastKnownFileType = folder.assetcatalog; path = Assets.xcassets; sourceTree = "<group>"; };
		EF287D3B1D6343A90005C78A /* Base */ = {isa = PBXFileReference; lastKnownFileType = file.storyboard; name = Base; path = Base.lproj/LaunchScreen.storyboard; sourceTree = "<group>"; };
		EF287D3D1D6343A90005C78A /* Info.plist */ = {isa = PBXFileReference; lastKnownFileType = text.plist.xml; path = Info.plist; sourceTree = "<group>"; };
		EF287D421D6343A90005C78A /* YMChatTests.xctest */ = {isa = PBXFileReference; explicitFileType = wrapper.cfbundle; includeInIndex = 0; path = YMChatTests.xctest; sourceTree = BUILT_PRODUCTS_DIR; };
		EF287D461D6343A90005C78A /* YMChatTests.m */ = {isa = PBXFileReference; lastKnownFileType = sourcecode.c.objc; path = YMChatTests.m; sourceTree = "<group>"; };
		EF287D481D6343A90005C78A /* Info.plist */ = {isa = PBXFileReference; lastKnownFileType = text.plist.xml; path = Info.plist; sourceTree = "<group>"; };
		EF287D4D1D6343A90005C78A /* YMChatUITests.xctest */ = {isa = PBXFileReference; explicitFileType = wrapper.cfbundle; includeInIndex = 0; path = YMChatUITests.xctest; sourceTree = BUILT_PRODUCTS_DIR; };
		EF287D511D6343A90005C78A /* YMChatUITests.m */ = {isa = PBXFileReference; lastKnownFileType = sourcecode.c.objc; path = YMChatUITests.m; sourceTree = "<group>"; };
		EF287D531D6343A90005C78A /* Info.plist */ = {isa = PBXFileReference; lastKnownFileType = text.plist.xml; path = Info.plist; sourceTree = "<group>"; };
		EF287D621D6356180005C78A /* YMSocket.h */ = {isa = PBXFileReference; fileEncoding = 4; lastKnownFileType = sourcecode.c.h; path = YMSocket.h; sourceTree = "<group>"; };
		EF287D631D6356180005C78A /* YMSocket.m */ = {isa = PBXFileReference; fileEncoding = 4; lastKnownFileType = sourcecode.c.objc; path = YMSocket.m; sourceTree = "<group>"; };
		EF358A181D68174400F39681 /* YMChatTableViewCell.h */ = {isa = PBXFileReference; fileEncoding = 4; lastKnownFileType = sourcecode.c.h; path = YMChatTableViewCell.h; sourceTree = "<group>"; };
		EF358A191D68174400F39681 /* YMChatTableViewCell.m */ = {isa = PBXFileReference; fileEncoding = 4; lastKnownFileType = sourcecode.c.objc; path = YMChatTableViewCell.m; sourceTree = "<group>"; };
		EF358A1A1D68174400F39681 /* YMChatTableViewCell.xib */ = {isa = PBXFileReference; fileEncoding = 4; lastKnownFileType = file.xib; path = YMChatTableViewCell.xib; sourceTree = "<group>"; };
		EF358A1D1D68252200F39681 /* UserCellModel.h */ = {isa = PBXFileReference; fileEncoding = 4; lastKnownFileType = sourcecode.c.h; path = UserCellModel.h; sourceTree = "<group>"; };
		EF358A1E1D68252200F39681 /* UserCellModel.m */ = {isa = PBXFileReference; fileEncoding = 4; lastKnownFileType = sourcecode.c.objc; path = UserCellModel.m; sourceTree = "<group>"; };
		EF39AB321D6A8FBC009AED29 /* ChatRoomViewController.h */ = {isa = PBXFileReference; fileEncoding = 4; lastKnownFileType = sourcecode.c.h; path = ChatRoomViewController.h; sourceTree = "<group>"; };
		EF39AB331D6A8FBC009AED29 /* ChatRoomViewController.m */ = {isa = PBXFileReference; fileEncoding = 4; lastKnownFileType = sourcecode.c.objc; path = ChatRoomViewController.m; sourceTree = "<group>"; };
/* End PBXFileReference section */

/* Begin PBXFrameworksBuildPhase section */
		EF287D261D6343A90005C78A /* Frameworks */ = {
			isa = PBXFrameworksBuildPhase;
			buildActionMask = 2147483647;
			files = (
				04EFC9B244BAF92C64FB742F /* libPods-YMChat.a in Frameworks */,
			);
			runOnlyForDeploymentPostprocessing = 0;
		};
		EF287D3F1D6343A90005C78A /* Frameworks */ = {
			isa = PBXFrameworksBuildPhase;
			buildActionMask = 2147483647;
			files = (
			);
			runOnlyForDeploymentPostprocessing = 0;
		};
		EF287D4A1D6343A90005C78A /* Frameworks */ = {
			isa = PBXFrameworksBuildPhase;
			buildActionMask = 2147483647;
			files = (
			);
			runOnlyForDeploymentPostprocessing = 0;
		};
/* End PBXFrameworksBuildPhase section */

/* Begin PBXGroup section */
		0ABF24DED4D3535E3D71A48C /* Pods */ = {
			isa = PBXGroup;
			children = (
				0A2B7DE7917CECC8F2E11DE9 /* Pods-YMChat.debug.xcconfig */,
				D9859760978B090735880485 /* Pods-YMChat.release.xcconfig */,
			);
			name = Pods;
			sourceTree = "<group>";
		};
		636723DF75961E9CC23B6808 /* Frameworks */ = {
			isa = PBXGroup;
			children = (
				A7F06992732C192F4A9977D8 /* libPods-YMChat.a */,
			);
			name = Frameworks;
			sourceTree = "<group>";
		};
		EF287D201D6343A90005C78A = {
			isa = PBXGroup;
			children = (
				EF287D2B1D6343A90005C78A /* YMChat */,
				EF287D451D6343A90005C78A /* YMChatTests */,
				EF287D501D6343A90005C78A /* YMChatUITests */,
				EF287D2A1D6343A90005C78A /* Products */,
				0ABF24DED4D3535E3D71A48C /* Pods */,
				636723DF75961E9CC23B6808 /* Frameworks */,
			);
			sourceTree = "<group>";
		};
		EF287D2A1D6343A90005C78A /* Products */ = {
			isa = PBXGroup;
			children = (
				EF287D291D6343A90005C78A /* YMChat.app */,
				EF287D421D6343A90005C78A /* YMChatTests.xctest */,
				EF287D4D1D6343A90005C78A /* YMChatUITests.xctest */,
			);
			name = Products;
			sourceTree = "<group>";
		};
		EF287D2B1D6343A90005C78A /* YMChat */ = {
			isa = PBXGroup;
			children = (
				EF287D2F1D6343A90005C78A /* AppDelegate.h */,
				EF287D301D6343A90005C78A /* AppDelegate.m */,
				EF358A1D1D68252200F39681 /* UserCellModel.h */,
				EF358A1E1D68252200F39681 /* UserCellModel.m */,
				EF0F5A461D64B0570085CA53 /* ChatFriendModel.h */,
				EF0F5A471D64B0570085CA53 /* ChatFriendModel.m */,
				EF358A181D68174400F39681 /* YMChatTableViewCell.h */,
				EF358A191D68174400F39681 /* YMChatTableViewCell.m */,
				EF358A1A1D68174400F39681 /* YMChatTableViewCell.xib */,
				EF287D621D6356180005C78A /* YMSocket.h */,
				EF287D631D6356180005C78A /* YMSocket.m */,
				EF287D321D6343A90005C78A /* ViewController.h */,
				EF287D331D6343A90005C78A /* ViewController.m */,
				EF39AB321D6A8FBC009AED29 /* ChatRoomViewController.h */,
				EF39AB331D6A8FBC009AED29 /* ChatRoomViewController.m */,
				EF287D351D6343A90005C78A /* Main.storyboard */,
				EF287D381D6343A90005C78A /* Assets.xcassets */,
				EF287D3A1D6343A90005C78A /* LaunchScreen.storyboard */,
				EF287D3D1D6343A90005C78A /* Info.plist */,
				EF287D2C1D6343A90005C78A /* Supporting Files */,
			);
			path = YMChat;
			sourceTree = "<group>";
		};
		EF287D2C1D6343A90005C78A /* Supporting Files */ = {
			isa = PBXGroup;
			children = (
				EF287D2D1D6343A90005C78A /* main.m */,
			);
			name = "Supporting Files";
			sourceTree = "<group>";
		};
		EF287D451D6343A90005C78A /* YMChatTests */ = {
			isa = PBXGroup;
			children = (
				EF287D461D6343A90005C78A /* YMChatTests.m */,
				EF287D481D6343A90005C78A /* Info.plist */,
			);
			path = YMChatTests;
			sourceTree = "<group>";
		};
		EF287D501D6343A90005C78A /* YMChatUITests */ = {
			isa = PBXGroup;
			children = (
				EF287D511D6343A90005C78A /* YMChatUITests.m */,
				EF287D531D6343A90005C78A /* Info.plist */,
			);
			path = YMChatUITests;
			sourceTree = "<group>";
		};
/* End PBXGroup section */

/* Begin PBXNativeTarget section */
		EF287D281D6343A90005C78A /* YMChat */ = {
			isa = PBXNativeTarget;
			buildConfigurationList = EF287D561D6343A90005C78A /* Build configuration list for PBXNativeTarget "YMChat" */;
			buildPhases = (
				B716FF772A088552D250A78D /* [CP] Check Pods Manifest.lock */,
				EF287D251D6343A90005C78A /* Sources */,
				EF287D261D6343A90005C78A /* Frameworks */,
				EF287D271D6343A90005C78A /* Resources */,
				BC722CFBA80C777BD3458A6D /* [CP] Embed Pods Frameworks */,
				5DDB96B2F57286A6D59DF1F5 /* [CP] Copy Pods Resources */,
			);
			buildRules = (
			);
			dependencies = (
			);
			name = YMChat;
			productName = YMChat;
			productReference = EF287D291D6343A90005C78A /* YMChat.app */;
			productType = "com.apple.product-type.application";
		};
		EF287D411D6343A90005C78A /* YMChatTests */ = {
			isa = PBXNativeTarget;
			buildConfigurationList = EF287D591D6343A90005C78A /* Build configuration list for PBXNativeTarget "YMChatTests" */;
			buildPhases = (
				EF287D3E1D6343A90005C78A /* Sources */,
				EF287D3F1D6343A90005C78A /* Frameworks */,
				EF287D401D6343A90005C78A /* Resources */,
			);
			buildRules = (
			);
			dependencies = (
				EF287D441D6343A90005C78A /* PBXTargetDependency */,
			);
			name = YMChatTests;
			productName = YMChatTests;
			productReference = EF287D421D6343A90005C78A /* YMChatTests.xctest */;
			productType = "com.apple.product-type.bundle.unit-test";
		};
		EF287D4C1D6343A90005C78A /* YMChatUITests */ = {
			isa = PBXNativeTarget;
			buildConfigurationList = EF287D5C1D6343A90005C78A /* Build configuration list for PBXNativeTarget "YMChatUITests" */;
			buildPhases = (
				EF287D491D6343A90005C78A /* Sources */,
				EF287D4A1D6343A90005C78A /* Frameworks */,
				EF287D4B1D6343A90005C78A /* Resources */,
			);
			buildRules = (
			);
			dependencies = (
				EF287D4F1D6343A90005C78A /* PBXTargetDependency */,
			);
			name = YMChatUITests;
			productName = YMChatUITests;
			productReference = EF287D4D1D6343A90005C78A /* YMChatUITests.xctest */;
			productType = "com.apple.product-type.bundle.ui-testing";
		};
/* End PBXNativeTarget section */

/* Begin PBXProject section */
		EF287D211D6343A90005C78A /* Project object */ = {
			isa = PBXProject;
			attributes = {
				LastUpgradeCheck = 0730;
				ORGANIZATIONNAME = juangua;
				TargetAttributes = {
					EF287D281D6343A90005C78A = {
						CreatedOnToolsVersion = 7.3.1;
						DevelopmentTeam = 7F84KTN5ZK;
					};
					EF287D411D6343A90005C78A = {
						CreatedOnToolsVersion = 7.3.1;
						DevelopmentTeam = 7F84KTN5ZK;
						TestTargetID = EF287D281D6343A90005C78A;
					};
					EF287D4C1D6343A90005C78A = {
						CreatedOnToolsVersion = 7.3.1;
						DevelopmentTeam = 7F84KTN5ZK;
						TestTargetID = EF287D281D6343A90005C78A;
					};
				};
			};
			buildConfigurationList = EF287D241D6343A90005C78A /* Build configuration list for PBXProject "YMChat" */;
			compatibilityVersion = "Xcode 3.2";
			developmentRegion = English;
			hasScannedForEncodings = 0;
			knownRegions = (
				en,
				Base,
			);
			mainGroup = EF287D201D6343A90005C78A;
			productRefGroup = EF287D2A1D6343A90005C78A /* Products */;
			projectDirPath = "";
			projectRoot = "";
			targets = (
				EF287D281D6343A90005C78A /* YMChat */,
				EF287D411D6343A90005C78A /* YMChatTests */,
				EF287D4C1D6343A90005C78A /* YMChatUITests */,
			);
		};
/* End PBXProject section */

/* Begin PBXResourcesBuildPhase section */
		EF287D271D6343A90005C78A /* Resources */ = {
			isa = PBXResourcesBuildPhase;
			buildActionMask = 2147483647;
			files = (
				EF287D3C1D6343A90005C78A /* LaunchScreen.storyboard in Resources */,
				EF358A1C1D68174400F39681 /* YMChatTableViewCell.xib in Resources */,
				EF287D391D6343A90005C78A /* Assets.xcassets in Resources */,
				EF287D371D6343A90005C78A /* Main.storyboard in Resources */,
			);
			runOnlyForDeploymentPostprocessing = 0;
		};
		EF287D401D6343A90005C78A /* Resources */ = {
			isa = PBXResourcesBuildPhase;
			buildActionMask = 2147483647;
			files = (
			);
			runOnlyForDeploymentPostprocessing = 0;
		};
		EF287D4B1D6343A90005C78A /* Resources */ = {
			isa = PBXResourcesBuildPhase;
			buildActionMask = 2147483647;
			files = (
			);
			runOnlyForDeploymentPostprocessing = 0;
		};
/* End PBXResourcesBuildPhase section */

/* Begin PBXShellScriptBuildPhase section */
		5DDB96B2F57286A6D59DF1F5 /* [CP] Copy Pods Resources */ = {
			isa = PBXShellScriptBuildPhase;
			buildActionMask = 2147483647;
			files = (
			);
			inputPaths = (
			);
			name = "[CP] Copy Pods Resources";
			outputPaths = (
			);
			runOnlyForDeploymentPostprocessing = 0;
			shellPath = /bin/sh;
			shellScript = "\"${SRCROOT}/Pods/Target Support Files/Pods-YMChat/Pods-YMChat-resources.sh\"\n";
			showEnvVarsInLog = 0;
		};
		B716FF772A088552D250A78D /* [CP] Check Pods Manifest.lock */ = {
			isa = PBXShellScriptBuildPhase;
			buildActionMask = 2147483647;
			files = (
			);
			inputPaths = (
			);
			name = "[CP] Check Pods Manifest.lock";
			outputPaths = (
			);
			runOnlyForDeploymentPostprocessing = 0;
			shellPath = /bin/sh;
			shellScript = "diff \"${PODS_ROOT}/../Podfile.lock\" \"${PODS_ROOT}/Manifest.lock\" > /dev/null\nif [[ $? != 0 ]] ; then\n    cat << EOM\nerror: The sandbox is not in sync with the Podfile.lock. Run 'pod install' or update your CocoaPods installation.\nEOM\n    exit 1\nfi\n";
			showEnvVarsInLog = 0;
		};
		BC722CFBA80C777BD3458A6D /* [CP] Embed Pods Frameworks */ = {
			isa = PBXShellScriptBuildPhase;
			buildActionMask = 2147483647;
			files = (
			);
			inputPaths = (
			);
			name = "[CP] Embed Pods Frameworks";
			outputPaths = (
			);
			runOnlyForDeploymentPostprocessing = 0;
			shellPath = /bin/sh;
			shellScript = "\"${SRCROOT}/Pods/Target Support Files/Pods-YMChat/Pods-YMChat-frameworks.sh\"\n";
			showEnvVarsInLog = 0;
		};
/* End PBXShellScriptBuildPhase section */

/* Begin PBXSourcesBuildPhase section */
		EF287D251D6343A90005C78A /* Sources */ = {
			isa = PBXSourcesBuildPhase;
			buildActionMask = 2147483647;
			files = (
				EF358A1F1D68252200F39681 /* UserCellModel.m in Sources */,
				EF287D641D6356180005C78A /* YMSocket.m in Sources */,
				EF358A1B1D68174400F39681 /* YMChatTableViewCell.m in Sources */,
				EF287D341D6343A90005C78A /* ViewController.m in Sources */,
				EF287D311D6343A90005C78A /* AppDelegate.m in Sources */,
				EF287D2E1D6343A90005C78A /* main.m in Sources */,
				EF0F5A481D64B0570085CA53 /* ChatFriendModel.m in Sources */,
				EF39AB341D6A8FBC009AED29 /* ChatRoomViewController.m in Sources */,
			);
			runOnlyForDeploymentPostprocessing = 0;
		};
		EF287D3E1D6343A90005C78A /* Sources */ = {
			isa = PBXSourcesBuildPhase;
			buildActionMask = 2147483647;
			files = (
				EF287D471D6343A90005C78A /* YMChatTests.m in Sources */,
			);
			runOnlyForDeploymentPostprocessing = 0;
		};
		EF287D491D6343A90005C78A /* Sources */ = {
			isa = PBXSourcesBuildPhase;
			buildActionMask = 2147483647;
			files = (
				EF287D521D6343A90005C78A /* YMChatUITests.m in Sources */,
			);
			runOnlyForDeploymentPostprocessing = 0;
		};
/* End PBXSourcesBuildPhase section */

/* Begin PBXTargetDependency section */
		EF287D441D6343A90005C78A /* PBXTargetDependency */ = {
			isa = PBXTargetDependency;
			target = EF287D281D6343A90005C78A /* YMChat */;
			targetProxy = EF287D431D6343A90005C78A /* PBXContainerItemProxy */;
		};
		EF287D4F1D6343A90005C78A /* PBXTargetDependency */ = {
			isa = PBXTargetDependency;
			target = EF287D281D6343A90005C78A /* YMChat */;
			targetProxy = EF287D4E1D6343A90005C78A /* PBXContainerItemProxy */;
		};
/* End PBXTargetDependency section */

/* Begin PBXVariantGroup section */
		EF287D351D6343A90005C78A /* Main.storyboard */ = {
			isa = PBXVariantGroup;
			children = (
				EF287D361D6343A90005C78A /* Base */,
			);
			name = Main.storyboard;
			sourceTree = "<group>";
		};
		EF287D3A1D6343A90005C78A /* LaunchScreen.storyboard */ = {
			isa = PBXVariantGroup;
			children = (
				EF287D3B1D6343A90005C78A /* Base */,
			);
			name = LaunchScreen.storyboard;
			sourceTree = "<group>";
		};
/* End PBXVariantGroup section */

/* Begin XCBuildConfiguration section */
		EF287D541D6343A90005C78A /* Debug */ = {
			isa = XCBuildConfiguration;
			buildSettings = {
				ALWAYS_SEARCH_USER_PATHS = NO;
				CLANG_ANALYZER_NONNULL = YES;
				CLANG_CXX_LANGUAGE_STANDARD = "gnu++0x";
				CLANG_CXX_LIBRARY = "libc++";
				CLANG_ENABLE_MODULES = YES;
				CLANG_ENABLE_OBJC_ARC = YES;
				CLANG_WARN_BOOL_CONVERSION = YES;
				CLANG_WARN_CONSTANT_CONVERSION = YES;
				CLANG_WARN_DIRECT_OBJC_ISA_USAGE = YES_ERROR;
				CLANG_WARN_EMPTY_BODY = YES;
				CLANG_WARN_ENUM_CONVERSION = YES;
				CLANG_WARN_INT_CONVERSION = YES;
				CLANG_WARN_OBJC_ROOT_CLASS = YES_ERROR;
				CLANG_WARN_UNREACHABLE_CODE = YES;
				CLANG_WARN__DUPLICATE_METHOD_MATCH = YES;
				"CODE_SIGN_IDENTITY[sdk=iphoneos*]" = "iPhone Developer";
				COPY_PHASE_STRIP = NO;
				DEBUG_INFORMATION_FORMAT = dwarf;
				ENABLE_STRICT_OBJC_MSGSEND = YES;
				ENABLE_TESTABILITY = YES;
				GCC_C_LANGUAGE_STANDARD = gnu99;
				GCC_DYNAMIC_NO_PIC = NO;
				GCC_NO_COMMON_BLOCKS = YES;
				GCC_OPTIMIZATION_LEVEL = 0;
				GCC_PREPROCESSOR_DEFINITIONS = (
					"DEBUG=1",
					"$(inherited)",
				);
				GCC_WARN_64_TO_32_BIT_CONVERSION = YES;
				GCC_WARN_ABOUT_RETURN_TYPE = YES_ERROR;
				GCC_WARN_UNDECLARED_SELECTOR = YES;
				GCC_WARN_UNINITIALIZED_AUTOS = YES_AGGRESSIVE;
				GCC_WARN_UNUSED_FUNCTION = YES;
				GCC_WARN_UNUSED_VARIABLE = YES;
				IPHONEOS_DEPLOYMENT_TARGET = 9.3;
				MTL_ENABLE_DEBUG_INFO = YES;
				ONLY_ACTIVE_ARCH = YES;
				SDKROOT = iphoneos;
				TARGETED_DEVICE_FAMILY = "1,2";
			};
			name = Debug;
		};
		EF287D551D6343A90005C78A /* Release */ = {
			isa = XCBuildConfiguration;
			buildSettings = {
				ALWAYS_SEARCH_USER_PATHS = NO;
				CLANG_ANALYZER_NONNULL = YES;
				CLANG_CXX_LANGUAGE_STANDARD = "gnu++0x";
				CLANG_CXX_LIBRARY = "libc++";
				CLANG_ENABLE_MODULES = YES;
				CLANG_ENABLE_OBJC_ARC = YES;
				CLANG_WARN_BOOL_CONVERSION = YES;
				CLANG_WARN_CONSTANT_CONVERSION = YES;
				CLANG_WARN_DIRECT_OBJC_ISA_USAGE = YES_ERROR;
				CLANG_WARN_EMPTY_BODY = YES;
				CLANG_WARN_ENUM_CONVERSION = YES;
				CLANG_WARN_INT_CONVERSION = YES;
				CLANG_WARN_OBJC_ROOT_CLASS = YES_ERROR;
				CLANG_WARN_UNREACHABLE_CODE = YES;
				CLANG_WARN__DUPLICATE_METHOD_MATCH = YES;
				"CODE_SIGN_IDENTITY[sdk=iphoneos*]" = "iPhone Developer";
				COPY_PHASE_STRIP = NO;
				DEBUG_INFORMATION_FORMAT = "dwarf-with-dsym";
				ENABLE_NS_ASSERTIONS = NO;
				ENABLE_STRICT_OBJC_MSGSEND = YES;
				GCC_C_LANGUAGE_STANDARD = gnu99;
				GCC_NO_COMMON_BLOCKS = YES;
				GCC_WARN_64_TO_32_BIT_CONVERSION = YES;
				GCC_WARN_ABOUT_RETURN_TYPE = YES_ERROR;
				GCC_WARN_UNDECLARED_SELECTOR = YES;
				GCC_WARN_UNINITIALIZED_AUTOS = YES_AGGRESSIVE;
				GCC_WARN_UNUSED_FUNCTION = YES;
				GCC_WARN_UNUSED_VARIABLE = YES;
				IPHONEOS_DEPLOYMENT_TARGET = 9.3;
				MTL_ENABLE_DEBUG_INFO = NO;
				SDKROOT = iphoneos;
				TARGETED_DEVICE_FAMILY = "1,2";
				VALIDATE_PRODUCT = YES;
			};
			name = Release;
		};
		EF287D571D6343A90005C78A /* Debug */ = {
			isa = XCBuildConfiguration;
			baseConfigurationReference = 0A2B7DE7917CECC8F2E11DE9 /* Pods-YMChat.debug.xcconfig */;
			buildSettings = {
				ASSETCATALOG_COMPILER_APPICON_NAME = AppIcon;
				INFOPLIST_FILE = YMChat/Info.plist;
				LD_RUNPATH_SEARCH_PATHS = "$(inherited) @executable_path/Frameworks";
				PRODUCT_BUNDLE_IDENTIFIER = com.juangua.YMChat;
				PRODUCT_NAME = "$(TARGET_NAME)";
			};
			name = Debug;
		};
		EF287D581D6343A90005C78A /* Release */ = {
			isa = XCBuildConfiguration;
			baseConfigurationReference = D9859760978B090735880485 /* Pods-YMChat.release.xcconfig */;
			buildSettings = {
				ASSETCATALOG_COMPILER_APPICON_NAME = AppIcon;
				INFOPLIST_FILE = YMChat/Info.plist;
				LD_RUNPATH_SEARCH_PATHS = "$(inherited) @executable_path/Frameworks";
				PRODUCT_BUNDLE_IDENTIFIER = com.juangua.YMChat;
				PRODUCT_NAME = "$(TARGET_NAME)";
			};
			name = Release;
		};
		EF287D5A1D6343A90005C78A /* Debug */ = {
			isa = XCBuildConfiguration;
			buildSettings = {
				BUNDLE_LOADER = "$(TEST_HOST)";
				INFOPLIST_FILE = YMChatTests/Info.plist;
				LD_RUNPATH_SEARCH_PATHS = "$(inherited) @executable_path/Frameworks @loader_path/Frameworks";
				PRODUCT_BUNDLE_IDENTIFIER = com.juangua.YMChatTests;
				PRODUCT_NAME = "$(TARGET_NAME)";
				TEST_HOST = "$(BUILT_PRODUCTS_DIR)/YMChat.app/YMChat";
			};
			name = Debug;
		};
		EF287D5B1D6343A90005C78A /* Release */ = {
			isa = XCBuildConfiguration;
			buildSettings = {
				BUNDLE_LOADER = "$(TEST_HOST)";
				INFOPLIST_FILE = YMChatTests/Info.plist;
				LD_RUNPATH_SEARCH_PATHS = "$(inherited) @executable_path/Frameworks @loader_path/Frameworks";
				PRODUCT_BUNDLE_IDENTIFIER = com.juangua.YMChatTests;
				PRODUCT_NAME = "$(TARGET_NAME)";
				TEST_HOST = "$(BUILT_PRODUCTS_DIR)/YMChat.app/YMChat";
			};
			name = Release;
		};
		EF287D5D1D6343A90005C78A /* Debug */ = {
			isa = XCBuildConfiguration;
			buildSettings = {
				INFOPLIST_FILE = YMChatUITests/Info.plist;
				LD_RUNPATH_SEARCH_PATHS = "$(inherited) @executable_path/Frameworks @loader_path/Frameworks";
				PRODUCT_BUNDLE_IDENTIFIER = com.juangua.YMChatUITests;
				PRODUCT_NAME = "$(TARGET_NAME)";
				TEST_TARGET_NAME = YMChat;
			};
			name = Debug;
		};
		EF287D5E1D6343A90005C78A /* Release */ = {
			isa = XCBuildConfiguration;
			buildSettings = {
				INFOPLIST_FILE = YMChatUITests/Info.plist;
				LD_RUNPATH_SEARCH_PATHS = "$(inherited) @executable_path/Frameworks @loader_path/Frameworks";
				PRODUCT_BUNDLE_IDENTIFIER = com.juangua.YMChatUITests;
				PRODUCT_NAME = "$(TARGET_NAME)";
				TEST_TARGET_NAME = YMChat;
			};
			name = Release;
		};
/* End XCBuildConfiguration section */

/* Begin XCConfigurationList section */
		EF287D241D6343A90005C78A /* Build configuration list for PBXProject "YMChat" */ = {
			isa = XCConfigurationList;
			buildConfigurations = (
				EF287D541D6343A90005C78A /* Debug */,
				EF287D551D6343A90005C78A /* Release */,
			);
			defaultConfigurationIsVisible = 0;
			defaultConfigurationName = Release;
		};
		EF287D561D6343A90005C78A /* Build configuration list for PBXNativeTarget "YMChat" */ = {
			isa = XCConfigurationList;
			buildConfigurations = (
				EF287D571D6343A90005C78A /* Debug */,
				EF287D581D6343A90005C78A /* Release */,
			);
			defaultConfigurationIsVisible = 0;
			defaultConfigurationName = Release;
		};
		EF287D591D6343A90005C78A /* Build configuration list for PBXNativeTarget "YMChatTests" */ = {
			isa = XCConfigurationList;
			buildConfigurations = (
				EF287D5A1D6343A90005C78A /* Debug */,
				EF287D5B1D6343A90005C78A /* Release */,
			);
			defaultConfigurationIsVisible = 0;
			defaultConfigurationName = Release;
		};
		EF287D5C1D6343A90005C78A /* Build configuration list for PBXNativeTarget "YMChatUITests" */ = {
			isa = XCConfigurationList;
			buildConfigurations = (
				EF287D5D1D6343A90005C78A /* Debug */,
				EF287D5E1D6343A90005C78A /* Release */,
			);
			defaultConfigurationIsVisible = 0;
			defaultConfigurationName = Release;
		};
/* End XCConfigurationList section */
	};
	rootObject = EF287D211D6343A90005C78A /* Project object */;
}
